# This file is automatically @generated by Cargo.
# It is not intended for manual editing.
version = 4

[[package]]
name = "bad_safe_doubly_linked_deque"
version = "0.1.0"

[[package]]
name = "bad_singly_linked_stack"
version = "0.1.0"

[[package]]
name = "ok_singly_linked_stack"
version = "0.1.0"

[[package]]
name = "ok_unsafe_doubly_linked_deque"
version = "0.1.0"

[[package]]
name = "persistent_singly_linked_stack"
version = "0.1.0"

[[package]]
name = "unsafe_singly_linked_queue"
version = "0.1.0"
